// !$*UTF8*$!
{
	archiveVersion = 1;
	classes = {
	};
	objectVersion = 46;
	objects = {

/* Begin PBXBuildFile section */
		B603D4C51FBAF63C007A2C7A /* UserNotifications.framework in Frameworks */ = {isa = PBXBuildFile; fileRef = B603D4C41FBAF63C007A2C7A /* UserNotifications.framework */; };
		B603D4CA1FBD9C87007A2C7A /* HelpDeskNewComplaintViewController.swift in Sources */ = {isa = PBXBuildFile; fileRef = B603D4C91FBD9C87007A2C7A /* HelpDeskNewComplaintViewController.swift */; };
		B66A83241FC5FF1000D09237 /* FeedbackController.swift in Sources */ = {isa = PBXBuildFile; fileRef = B66A83231FC5FF1000D09237 /* FeedbackController.swift */; };
		B66A83261FC69B6F00D09237 /* HelpDeskHistoryViewController.swift in Sources */ = {isa = PBXBuildFile; fileRef = B66A83251FC69B6F00D09237 /* HelpDeskHistoryViewController.swift */; };
		B66A83281FC6D6F200D09237 /* Banner.swift in Sources */ = {isa = PBXBuildFile; fileRef = B66A83271FC6D6F200D09237 /* Banner.swift */; };
		B66A83301FC73DA000D09237 /* botsworth.ttf in Resources */ = {isa = PBXBuildFile; fileRef = B66A832F1FC73D3500D09237 /* botsworth.ttf */; };
		B67E13F51F8B675B00A83BAB /* HelpDeskTableViewCell.swift in Sources */ = {isa = PBXBuildFile; fileRef = B67E13F41F8B675B00A83BAB /* HelpDeskTableViewCell.swift */; };
		B67E13F81F8B685700A83BAB /* ModelComplaintsData.swift in Sources */ = {isa = PBXBuildFile; fileRef = B67E13F71F8B685700A83BAB /* ModelComplaintsData.swift */; };
		B67E13FA1F8B7AAB00A83BAB /* HelpDeskChatController.swift in Sources */ = {isa = PBXBuildFile; fileRef = B67E13F91F8B7AAB00A83BAB /* HelpDeskChatController.swift */; };
		B67E13FC1F8B814300A83BAB /* HelpdeskChatTableViewCell.swift in Sources */ = {isa = PBXBuildFile; fileRef = B67E13FB1F8B814300A83BAB /* HelpdeskChatTableViewCell.swift */; };
		B67E13FE1F8B880000A83BAB /* ImageViewViewController.swift in Sources */ = {isa = PBXBuildFile; fileRef = B67E13FD1F8B880000A83BAB /* ImageViewViewController.swift */; };
		B67E14011F8B8A6700A83BAB /* AWSConstant.swift in Sources */ = {isa = PBXBuildFile; fileRef = B67E14001F8B8A6700A83BAB /* AWSConstant.swift */; };
		B682F95D1F752EF200B0447C /* OTPViewController.swift in Sources */ = {isa = PBXBuildFile; fileRef = B682F95C1F752EF200B0447C /* OTPViewController.swift */; };
		B6AE35DA1F7111B70077C308 /* AppDelegate.swift in Sources */ = {isa = PBXBuildFile; fileRef = B6AE35D91F7111B70077C308 /* AppDelegate.swift */; };
		B6AE35DC1F7111B70077C308 /* LoginViewController.swift in Sources */ = {isa = PBXBuildFile; fileRef = B6AE35DB1F7111B70077C308 /* LoginViewController.swift */; };
		B6AE35DF1F7111B70077C308 /* Main.storyboard in Resources */ = {isa = PBXBuildFile; fileRef = B6AE35DD1F7111B70077C308 /* Main.storyboard */; };
		B6AE35E21F7111B70077C308 /* ProviDesk.xcdatamodeld in Sources */ = {isa = PBXBuildFile; fileRef = B6AE35E01F7111B70077C308 /* ProviDesk.xcdatamodeld */; };
		B6AE35E41F7111B70077C308 /* Assets.xcassets in Resources */ = {isa = PBXBuildFile; fileRef = B6AE35E31F7111B70077C308 /* Assets.xcassets */; };
		B6AE35E71F7111B70077C308 /* LaunchScreen.storyboard in Resources */ = {isa = PBXBuildFile; fileRef = B6AE35E51F7111B70077C308 /* LaunchScreen.storyboard */; };
		B6AE35F21F7111B80077C308 /* ProviDeskTests.swift in Sources */ = {isa = PBXBuildFile; fileRef = B6AE35F11F7111B80077C308 /* ProviDeskTests.swift */; };
		B6AE35FD1F7111B80077C308 /* ProviDeskUITests.swift in Sources */ = {isa = PBXBuildFile; fileRef = B6AE35FC1F7111B80077C308 /* ProviDeskUITests.swift */; };
		B6AE360D1F7133760077C308 /* Podfile in Resources */ = {isa = PBXBuildFile; fileRef = B6AE360C1F7133760077C308 /* Podfile */; };
		B6AE36101F713C370077C308 /* WebServiceClass.swift in Sources */ = {isa = PBXBuildFile; fileRef = B6AE360F1F713C370077C308 /* WebServiceClass.swift */; };
		B6AE36131F713C8B0077C308 /* ActivityIndicator.swift in Sources */ = {isa = PBXBuildFile; fileRef = B6AE36121F713C8B0077C308 /* ActivityIndicator.swift */; };
		B6AE36161F713CD60077C308 /* GeneralMethodClass.swift in Sources */ = {isa = PBXBuildFile; fileRef = B6AE36151F713CD60077C308 /* GeneralMethodClass.swift */; };
		B6AE36191F72593E0077C308 /* LeftMenuController.swift in Sources */ = {isa = PBXBuildFile; fileRef = B6AE36181F72593E0077C308 /* LeftMenuController.swift */; };
		B6AE361D1F725EEB0077C308 /* HelpDeskController_V2.swift in Sources */ = {isa = PBXBuildFile; fileRef = B6AE361C1F725EEB0077C308 /* HelpDeskController_V2.swift */; };
		B6AE36201F725FB40077C308 /* CompanySelectionTableViewCell.swift in Sources */ = {isa = PBXBuildFile; fileRef = B6AE361F1F725FB40077C308 /* CompanySelectionTableViewCell.swift */; };
		B6DC2D8B1FB2E8A200B3D3D9 /* NotificationController.swift in Sources */ = {isa = PBXBuildFile; fileRef = B6DC2D8A1FB2E8A200B3D3D9 /* NotificationController.swift */; };
		B6E28A911FCC2AB5005C7ACC /* ProfileViewController.swift in Sources */ = {isa = PBXBuildFile; fileRef = B6E28A901FCC2AB5005C7ACC /* ProfileViewController.swift */; };
		B6E28A931FCC33B3005C7ACC /* ProfileTableViewCell.swift in Sources */ = {isa = PBXBuildFile; fileRef = B6E28A921FCC33B3005C7ACC /* ProfileTableViewCell.swift */; };
		B6F6B7F31FB46EDC007EAB92 /* ModelNotificationsData.swift in Sources */ = {isa = PBXBuildFile; fileRef = B6F6B7F21FB46EDC007EAB92 /* ModelNotificationsData.swift */; };
		B6F6B7F51FB46FB5007EAB92 /* NotificationTableViewCell.swift in Sources */ = {isa = PBXBuildFile; fileRef = B6F6B7F41FB46FB5007EAB92 /* NotificationTableViewCell.swift */; };
		B6F6B7F71FB47051007EAB92 /* NotificationDetailController.swift in Sources */ = {isa = PBXBuildFile; fileRef = B6F6B7F61FB47051007EAB92 /* NotificationDetailController.swift */; };
		BA73E18B8E2333C5442AA1BA /* Pods_ProviDesk.framework in Frameworks */ = {isa = PBXBuildFile; fileRef = 80CD9FC1FCB82D2958172BEB /* Pods_ProviDesk.framework */; };
/* End PBXBuildFile section */

/* Begin PBXContainerItemProxy section */
		B6AE35EE1F7111B80077C308 /* PBXContainerItemProxy */ = {
			isa = PBXContainerItemProxy;
			containerPortal = B6AE35CE1F7111B70077C308 /* Project object */;
			proxyType = 1;
			remoteGlobalIDString = B6AE35D51F7111B70077C308;
			remoteInfo = ProviDesk;
		};
		B6AE35F91F7111B80077C308 /* PBXContainerItemProxy */ = {
			isa = PBXContainerItemProxy;
			containerPortal = B6AE35CE1F7111B70077C308 /* Project object */;
			proxyType = 1;
			remoteGlobalIDString = B6AE35D51F7111B70077C308;
			remoteInfo = ProviDesk;
		};
/* End PBXContainerItemProxy section */

/* Begin PBXFileReference section */
		80CD9FC1FCB82D2958172BEB /* Pods_ProviDesk.framework */ = {isa = PBXFileReference; explicitFileType = wrapper.framework; includeInIndex = 0; path = Pods_ProviDesk.framework; sourceTree = BUILT_PRODUCTS_DIR; };
		945F49A5856ECFB788C8A547 /* Pods-ProviDesk.debug.xcconfig */ = {isa = PBXFileReference; includeInIndex = 1; lastKnownFileType = text.xcconfig; name = "Pods-ProviDesk.debug.xcconfig"; path = "Pods/Target Support Files/Pods-ProviDesk/Pods-ProviDesk.debug.xcconfig"; sourceTree = "<group>"; };
		B603D4C31FBABC77007A2C7A /* ProviDesk.entitlements */ = {isa = PBXFileReference; lastKnownFileType = text.plist.entitlements; path = ProviDesk.entitlements; sourceTree = "<group>"; };
		B603D4C41FBAF63C007A2C7A /* UserNotifications.framework */ = {isa = PBXFileReference; lastKnownFileType = wrapper.framework; name = UserNotifications.framework; path = System/Library/Frameworks/UserNotifications.framework; sourceTree = SDKROOT; };
		B603D4C91FBD9C87007A2C7A /* HelpDeskNewComplaintViewController.swift */ = {isa = PBXFileReference; lastKnownFileType = sourcecode.swift; path = HelpDeskNewComplaintViewController.swift; sourceTree = "<group>"; };
		B603D4F21FBDA75E007A2C7A /* Alamofire.framework */ = {isa = PBXFileReference; explicitFileType = wrapper.framework; path = Alamofire.framework; sourceTree = BUILT_PRODUCTS_DIR; };
		B603D4F31FBDA75E007A2C7A /* AWSAutoScaling.framework */ = {isa = PBXFileReference; explicitFileType = wrapper.framework; path = AWSAutoScaling.framework; sourceTree = BUILT_PRODUCTS_DIR; };
		B603D4F41FBDA75E007A2C7A /* AWSCloudWatch.framework */ = {isa = PBXFileReference; explicitFileType = wrapper.framework; path = AWSCloudWatch.framework; sourceTree = BUILT_PRODUCTS_DIR; };
		B603D4F51FBDA75E007A2C7A /* AWSCognito.framework */ = {isa = PBXFileReference; explicitFileType = wrapper.framework; path = AWSCognito.framework; sourceTree = BUILT_PRODUCTS_DIR; };
		B603D4F61FBDA75E007A2C7A /* AWSCognitoIdentityProvider.framework */ = {isa = PBXFileReference; explicitFileType = wrapper.framework; path = AWSCognitoIdentityProvider.framework; sourceTree = BUILT_PRODUCTS_DIR; };
		B603D4F71FBDA75E007A2C7A /* AWSCore.framework */ = {isa = PBXFileReference; explicitFileType = wrapper.framework; path = AWSCore.framework; sourceTree = BUILT_PRODUCTS_DIR; };
		B603D4F81FBDA75E007A2C7A /* AWSDynamoDB.framework */ = {isa = PBXFileReference; explicitFileType = wrapper.framework; path = AWSDynamoDB.framework; sourceTree = BUILT_PRODUCTS_DIR; };
		B603D4F91FBDA75E007A2C7A /* AWSEC2.framework */ = {isa = PBXFileReference; explicitFileType = wrapper.framework; path = AWSEC2.framework; sourceTree = BUILT_PRODUCTS_DIR; };
		B603D4FA1FBDA75E007A2C7A /* AWSElasticLoadBalancing.framework */ = {isa = PBXFileReference; explicitFileType = wrapper.framework; path = AWSElasticLoadBalancing.framework; sourceTree = BUILT_PRODUCTS_DIR; };
		B603D4FB1FBDA75E007A2C7A /* AWSIoT.framework */ = {isa = PBXFileReference; explicitFileType = wrapper.framework; path = AWSIoT.framework; sourceTree = BUILT_PRODUCTS_DIR; };
		B603D4FC1FBDA75E007A2C7A /* AWSKinesis.framework */ = {isa = PBXFileReference; explicitFileType = wrapper.framework; path = AWSKinesis.framework; sourceTree = BUILT_PRODUCTS_DIR; };
		B603D4FD1FBDA75E007A2C7A /* AWSLambda.framework */ = {isa = PBXFileReference; explicitFileType = wrapper.framework; path = AWSLambda.framework; sourceTree = BUILT_PRODUCTS_DIR; };
		B603D4FE1FBDA75E007A2C7A /* AWSLex.framework */ = {isa = PBXFileReference; explicitFileType = wrapper.framework; path = AWSLex.framework; sourceTree = BUILT_PRODUCTS_DIR; };
		B603D4FF1FBDA75E007A2C7A /* AWSMachineLearning.framework */ = {isa = PBXFileReference; explicitFileType = wrapper.framework; path = AWSMachineLearning.framework; sourceTree = BUILT_PRODUCTS_DIR; };
		B603D5001FBDA75E007A2C7A /* AWSMobileAnalytics.framework */ = {isa = PBXFileReference; explicitFileType = wrapper.framework; path = AWSMobileAnalytics.framework; sourceTree = BUILT_PRODUCTS_DIR; };
		B603D5011FBDA75E007A2C7A /* AWSPinpoint.framework */ = {isa = PBXFileReference; explicitFileType = wrapper.framework; path = AWSPinpoint.framework; sourceTree = BUILT_PRODUCTS_DIR; };
		B603D5021FBDA75E007A2C7A /* AWSPolly.framework */ = {isa = PBXFileReference; explicitFileType = wrapper.framework; path = AWSPolly.framework; sourceTree = BUILT_PRODUCTS_DIR; };
		B603D5031FBDA75E007A2C7A /* AWSRekognition.framework */ = {isa = PBXFileReference; explicitFileType = wrapper.framework; path = AWSRekognition.framework; sourceTree = BUILT_PRODUCTS_DIR; };
		B603D5041FBDA75E007A2C7A /* AWSS3.framework */ = {isa = PBXFileReference; explicitFileType = wrapper.framework; path = AWSS3.framework; sourceTree = BUILT_PRODUCTS_DIR; };
		B603D5051FBDA75E007A2C7A /* AWSSES.framework */ = {isa = PBXFileReference; explicitFileType = wrapper.framework; path = AWSSES.framework; sourceTree = BUILT_PRODUCTS_DIR; };
		B603D5061FBDA75E007A2C7A /* AWSSimpleDB.framework */ = {isa = PBXFileReference; explicitFileType = wrapper.framework; path = AWSSimpleDB.framework; sourceTree = BUILT_PRODUCTS_DIR; };
		B603D5071FBDA75E007A2C7A /* AWSSNS.framework */ = {isa = PBXFileReference; explicitFileType = wrapper.framework; path = AWSSNS.framework; sourceTree = BUILT_PRODUCTS_DIR; };
		B603D5081FBDA75E007A2C7A /* AWSSQS.framework */ = {isa = PBXFileReference; explicitFileType = wrapper.framework; path = AWSSQS.framework; sourceTree = BUILT_PRODUCTS_DIR; };
		B603D5091FBDA75E007A2C7A /* BSGridCollectionViewLayout.framework */ = {isa = PBXFileReference; explicitFileType = wrapper.framework; path = BSGridCollectionViewLayout.framework; sourceTree = BUILT_PRODUCTS_DIR; };
		B603D50A1FBDA75E007A2C7A /* BSImagePicker.framework */ = {isa = PBXFileReference; explicitFileType = wrapper.framework; path = BSImagePicker.framework; sourceTree = BUILT_PRODUCTS_DIR; };
		B603D50B1FBDA75E007A2C7A /* Charts.framework */ = {isa = PBXFileReference; explicitFileType = wrapper.framework; path = Charts.framework; sourceTree = BUILT_PRODUCTS_DIR; };
		B603D50C1FBDA75E007A2C7A /* Cloudinary.framework */ = {isa = PBXFileReference; explicitFileType = wrapper.framework; path = Cloudinary.framework; sourceTree = BUILT_PRODUCTS_DIR; };
		B603D50D1FBDA75E007A2C7A /* Cosmos.framework */ = {isa = PBXFileReference; explicitFileType = wrapper.framework; path = Cosmos.framework; sourceTree = BUILT_PRODUCTS_DIR; };
		B603D50E1FBDA75E007A2C7A /* IQKeyboardManagerSwift.framework */ = {isa = PBXFileReference; explicitFileType = wrapper.framework; path = IQKeyboardManagerSwift.framework; sourceTree = BUILT_PRODUCTS_DIR; };
		B603D50F1FBDA75E007A2C7A /* Localize_Swift.framework */ = {isa = PBXFileReference; explicitFileType = wrapper.framework; path = Localize_Swift.framework; sourceTree = BUILT_PRODUCTS_DIR; };
		B603D5101FBDA75E007A2C7A /* PKHUD.framework */ = {isa = PBXFileReference; explicitFileType = wrapper.framework; path = PKHUD.framework; sourceTree = BUILT_PRODUCTS_DIR; };
		B603D5111FBDA75E007A2C7A /* SDWebImage.framework */ = {isa = PBXFileReference; explicitFileType = wrapper.framework; path = SDWebImage.framework; sourceTree = BUILT_PRODUCTS_DIR; };
		B603D5121FBDA75E007A2C7A /* SlideMenuControllerSwift.framework */ = {isa = PBXFileReference; explicitFileType = wrapper.framework; path = SlideMenuControllerSwift.framework; sourceTree = BUILT_PRODUCTS_DIR; };
		B603D5131FBDA75E007A2C7A /* SwiftyJSON.framework */ = {isa = PBXFileReference; explicitFileType = wrapper.framework; path = SwiftyJSON.framework; sourceTree = BUILT_PRODUCTS_DIR; };
		B603D5141FBDA75E007A2C7A /* UIImageViewModeScaleAspect.framework */ = {isa = PBXFileReference; explicitFileType = wrapper.framework; path = UIImageViewModeScaleAspect.framework; sourceTree = BUILT_PRODUCTS_DIR; };
		B66A83231FC5FF1000D09237 /* FeedbackController.swift */ = {isa = PBXFileReference; lastKnownFileType = sourcecode.swift; path = FeedbackController.swift; sourceTree = "<group>"; };
		B66A83251FC69B6F00D09237 /* HelpDeskHistoryViewController.swift */ = {isa = PBXFileReference; lastKnownFileType = sourcecode.swift; path = HelpDeskHistoryViewController.swift; sourceTree = "<group>"; };
		B66A83271FC6D6F200D09237 /* Banner.swift */ = {isa = PBXFileReference; lastKnownFileType = sourcecode.swift; path = Banner.swift; sourceTree = "<group>"; };
		B66A832F1FC73D3500D09237 /* botsworth.ttf */ = {isa = PBXFileReference; lastKnownFileType = file; path = botsworth.ttf; sourceTree = "<group>"; };
		B67E13F41F8B675B00A83BAB /* HelpDeskTableViewCell.swift */ = {isa = PBXFileReference; lastKnownFileType = sourcecode.swift; path = HelpDeskTableViewCell.swift; sourceTree = "<group>"; };
		B67E13F71F8B685700A83BAB /* ModelComplaintsData.swift */ = {isa = PBXFileReference; lastKnownFileType = sourcecode.swift; path = ModelComplaintsData.swift; sourceTree = "<group>"; };
		B67E13F91F8B7AAB00A83BAB /* HelpDeskChatController.swift */ = {isa = PBXFileReference; lastKnownFileType = sourcecode.swift; path = HelpDeskChatController.swift; sourceTree = "<group>"; };
		B67E13FB1F8B814300A83BAB /* HelpdeskChatTableViewCell.swift */ = {isa = PBXFileReference; lastKnownFileType = sourcecode.swift; path = HelpdeskChatTableViewCell.swift; sourceTree = "<group>"; };
		B67E13FD1F8B880000A83BAB /* ImageViewViewController.swift */ = {isa = PBXFileReference; lastKnownFileType = sourcecode.swift; path = ImageViewViewController.swift; sourceTree = "<group>"; };
		B67E14001F8B8A6700A83BAB /* AWSConstant.swift */ = {isa = PBXFileReference; lastKnownFileType = sourcecode.swift; path = AWSConstant.swift; sourceTree = "<group>"; };
		B682F95C1F752EF200B0447C /* OTPViewController.swift */ = {isa = PBXFileReference; lastKnownFileType = sourcecode.swift; path = OTPViewController.swift; sourceTree = "<group>"; };
		B6AE35D61F7111B70077C308 /* ProviDesk.app */ = {isa = PBXFileReference; explicitFileType = wrapper.application; includeInIndex = 0; path = ProviDesk.app; sourceTree = BUILT_PRODUCTS_DIR; };
		B6AE35D91F7111B70077C308 /* AppDelegate.swift */ = {isa = PBXFileReference; lastKnownFileType = sourcecode.swift; path = AppDelegate.swift; sourceTree = "<group>"; };
		B6AE35DB1F7111B70077C308 /* LoginViewController.swift */ = {isa = PBXFileReference; lastKnownFileType = sourcecode.swift; path = LoginViewController.swift; sourceTree = "<group>"; };
		B6AE35DE1F7111B70077C308 /* Base */ = {isa = PBXFileReference; lastKnownFileType = file.storyboard; name = Base; path = Base.lproj/Main.storyboard; sourceTree = "<group>"; };
		B6AE35E11F7111B70077C308 /* ProviDesk.xcdatamodel */ = {isa = PBXFileReference; lastKnownFileType = wrapper.xcdatamodel; path = ProviDesk.xcdatamodel; sourceTree = "<group>"; };
		B6AE35E31F7111B70077C308 /* Assets.xcassets */ = {isa = PBXFileReference; lastKnownFileType = folder.assetcatalog; path = Assets.xcassets; sourceTree = "<group>"; };
		B6AE35E61F7111B70077C308 /* Base */ = {isa = PBXFileReference; lastKnownFileType = file.storyboard; name = Base; path = Base.lproj/LaunchScreen.storyboard; sourceTree = "<group>"; };
		B6AE35E81F7111B70077C308 /* Info.plist */ = {isa = PBXFileReference; lastKnownFileType = text.plist.xml; path = Info.plist; sourceTree = "<group>"; };
		B6AE35ED1F7111B80077C308 /* ProviDeskTests.xctest */ = {isa = PBXFileReference; explicitFileType = wrapper.cfbundle; includeInIndex = 0; path = ProviDeskTests.xctest; sourceTree = BUILT_PRODUCTS_DIR; };
		B6AE35F11F7111B80077C308 /* ProviDeskTests.swift */ = {isa = PBXFileReference; lastKnownFileType = sourcecode.swift; path = ProviDeskTests.swift; sourceTree = "<group>"; };
		B6AE35F31F7111B80077C308 /* Info.plist */ = {isa = PBXFileReference; lastKnownFileType = text.plist.xml; path = Info.plist; sourceTree = "<group>"; };
		B6AE35F81F7111B80077C308 /* ProviDeskUITests.xctest */ = {isa = PBXFileReference; explicitFileType = wrapper.cfbundle; includeInIndex = 0; path = ProviDeskUITests.xctest; sourceTree = BUILT_PRODUCTS_DIR; };
		B6AE35FC1F7111B80077C308 /* ProviDeskUITests.swift */ = {isa = PBXFileReference; lastKnownFileType = sourcecode.swift; path = ProviDeskUITests.swift; sourceTree = "<group>"; };
		B6AE35FE1F7111B80077C308 /* Info.plist */ = {isa = PBXFileReference; lastKnownFileType = text.plist.xml; path = Info.plist; sourceTree = "<group>"; };
		B6AE360C1F7133760077C308 /* Podfile */ = {isa = PBXFileReference; fileEncoding = 4; lastKnownFileType = text; path = Podfile; sourceTree = "<group>"; xcLanguageSpecificationIdentifier = xcode.lang.ruby; };
		B6AE360F1F713C370077C308 /* WebServiceClass.swift */ = {isa = PBXFileReference; fileEncoding = 4; lastKnownFileType = sourcecode.swift; path = WebServiceClass.swift; sourceTree = "<group>"; };
		B6AE36121F713C8B0077C308 /* ActivityIndicator.swift */ = {isa = PBXFileReference; fileEncoding = 4; lastKnownFileType = sourcecode.swift; path = ActivityIndicator.swift; sourceTree = "<group>"; };
		B6AE36151F713CD60077C308 /* GeneralMethodClass.swift */ = {isa = PBXFileReference; fileEncoding = 4; lastKnownFileType = sourcecode.swift; path = GeneralMethodClass.swift; sourceTree = "<group>"; };
		B6AE36181F72593E0077C308 /* LeftMenuController.swift */ = {isa = PBXFileReference; fileEncoding = 4; lastKnownFileType = sourcecode.swift; path = LeftMenuController.swift; sourceTree = "<group>"; };
		B6AE361C1F725EEB0077C308 /* HelpDeskController_V2.swift */ = {isa = PBXFileReference; fileEncoding = 4; lastKnownFileType = sourcecode.swift; path = HelpDeskController_V2.swift; sourceTree = "<group>"; };
		B6AE361F1F725FB40077C308 /* CompanySelectionTableViewCell.swift */ = {isa = PBXFileReference; fileEncoding = 4; lastKnownFileType = sourcecode.swift; path = CompanySelectionTableViewCell.swift; sourceTree = "<group>"; };
		B6DC2D8A1FB2E8A200B3D3D9 /* NotificationController.swift */ = {isa = PBXFileReference; lastKnownFileType = sourcecode.swift; path = NotificationController.swift; sourceTree = "<group>"; };
		B6E28A901FCC2AB5005C7ACC /* ProfileViewController.swift */ = {isa = PBXFileReference; lastKnownFileType = sourcecode.swift; path = ProfileViewController.swift; sourceTree = "<group>"; };
		B6E28A921FCC33B3005C7ACC /* ProfileTableViewCell.swift */ = {isa = PBXFileReference; lastKnownFileType = sourcecode.swift; path = ProfileTableViewCell.swift; sourceTree = "<group>"; };
		B6F6B7F21FB46EDC007EAB92 /* ModelNotificationsData.swift */ = {isa = PBXFileReference; lastKnownFileType = sourcecode.swift; path = ModelNotificationsData.swift; sourceTree = "<group>"; };
		B6F6B7F41FB46FB5007EAB92 /* NotificationTableViewCell.swift */ = {isa = PBXFileReference; lastKnownFileType = sourcecode.swift; path = NotificationTableViewCell.swift; sourceTree = "<group>"; };
		B6F6B7F61FB47051007EAB92 /* NotificationDetailController.swift */ = {isa = PBXFileReference; lastKnownFileType = sourcecode.swift; path = NotificationDetailController.swift; sourceTree = "<group>"; };
		C3C7E96EE9224B34BCE3E152 /* Pods-ProviDesk.release.xcconfig */ = {isa = PBXFileReference; includeInIndex = 1; lastKnownFileType = text.xcconfig; name = "Pods-ProviDesk.release.xcconfig"; path = "Pods/Target Support Files/Pods-ProviDesk/Pods-ProviDesk.release.xcconfig"; sourceTree = "<group>"; };
/* End PBXFileReference section */

/* Begin PBXFrameworksBuildPhase section */
		B6AE35D31F7111B70077C308 /* Frameworks */ = {
			isa = PBXFrameworksBuildPhase;
			buildActionMask = 2147483647;
			files = (
				B603D4C51FBAF63C007A2C7A /* UserNotifications.framework in Frameworks */,
				BA73E18B8E2333C5442AA1BA /* Pods_ProviDesk.framework in Frameworks */,
			);
			runOnlyForDeploymentPostprocessing = 0;
		};
		B6AE35EA1F7111B80077C308 /* Frameworks */ = {
			isa = PBXFrameworksBuildPhase;
			buildActionMask = 2147483647;
			files = (
			);
			runOnlyForDeploymentPostprocessing = 0;
		};
		B6AE35F51F7111B80077C308 /* Frameworks */ = {
			isa = PBXFrameworksBuildPhase;
			buildActionMask = 2147483647;
			files = (
			);
			runOnlyForDeploymentPostprocessing = 0;
		};
/* End PBXFrameworksBuildPhase section */

/* Begin PBXGroup section */
		8D225116504A9BD7DA84C06D /* Pods */ = {
			isa = PBXGroup;
			children = (
				945F49A5856ECFB788C8A547 /* Pods-ProviDesk.debug.xcconfig */,
				C3C7E96EE9224B34BCE3E152 /* Pods-ProviDesk.release.xcconfig */,
			);
			name = Pods;
			sourceTree = "<group>";
		};
		B67E13F61F8B682E00A83BAB /* Model */ = {
			isa = PBXGroup;
			children = (
				B67E13F71F8B685700A83BAB /* ModelComplaintsData.swift */,
				B66A83271FC6D6F200D09237 /* Banner.swift */,
			);
			path = Model;
			sourceTree = "<group>";
		};
		B67E13FF1F8B8A4E00A83BAB /* Constants */ = {
			isa = PBXGroup;
			children = (
				B67E14001F8B8A6700A83BAB /* AWSConstant.swift */,
			);
			path = Constants;
			sourceTree = "<group>";
		};
		B682F95E1F752F0300B0447C /* AuthenticationLogin */ = {
			isa = PBXGroup;
			children = (
				B682F95C1F752EF200B0447C /* OTPViewController.swift */,
				B6AE35DB1F7111B70077C308 /* LoginViewController.swift */,
			);
			name = AuthenticationLogin;
			sourceTree = "<group>";
		};
		B682F95F1F752F1D00B0447C /* AppDelegate */ = {
			isa = PBXGroup;
			children = (
				B6AE35D91F7111B70077C308 /* AppDelegate.swift */,
			);
			path = AppDelegate;
			sourceTree = "<group>";
		};
		B6AE35CD1F7111B70077C308 = {
			isa = PBXGroup;
			children = (
				B66A832F1FC73D3500D09237 /* botsworth.ttf */,
				B6AE360C1F7133760077C308 /* Podfile */,
				B6AE35D81F7111B70077C308 /* ProviDesk */,
				B6AE35F01F7111B80077C308 /* ProviDeskTests */,
				B6AE35FB1F7111B80077C308 /* ProviDeskUITests */,
				B6AE35D71F7111B70077C308 /* Products */,
				F38622B0919C9B427EBDF3F0 /* Frameworks */,
				8D225116504A9BD7DA84C06D /* Pods */,
			);
			sourceTree = "<group>";
		};
		B6AE35D71F7111B70077C308 /* Products */ = {
			isa = PBXGroup;
			children = (
				B6AE35D61F7111B70077C308 /* ProviDesk.app */,
				B6AE35ED1F7111B80077C308 /* ProviDeskTests.xctest */,
				B6AE35F81F7111B80077C308 /* ProviDeskUITests.xctest */,
			);
			name = Products;
			sourceTree = "<group>";
		};
		B6AE35D81F7111B70077C308 /* ProviDesk */ = {
			isa = PBXGroup;
			children = (
				B603D4C31FBABC77007A2C7A /* ProviDesk.entitlements */,
				B67E13FF1F8B8A4E00A83BAB /* Constants */,
				B67E13F61F8B682E00A83BAB /* Model */,
				B682F95F1F752F1D00B0447C /* AppDelegate */,
				B6AE361A1F725EBE0077C308 /* ViewControllers */,
				B6AE36171F72590F0077C308 /* LeftMenuController */,
				B6AE36141F713CC10077C308 /* Common Methods */,
				B6AE36111F713C6E0077C308 /* Derived UI Classes */,
				B6AE360E1F713BD20077C308 /* WebServices */,
				B6AE35DD1F7111B70077C308 /* Main.storyboard */,
				B6AE35E31F7111B70077C308 /* Assets.xcassets */,
				B6AE35E51F7111B70077C308 /* LaunchScreen.storyboard */,
				B6AE35E81F7111B70077C308 /* Info.plist */,
				B6AE35E01F7111B70077C308 /* ProviDesk.xcdatamodeld */,
			);
			path = ProviDesk;
			sourceTree = "<group>";
		};
		B6AE35F01F7111B80077C308 /* ProviDeskTests */ = {
			isa = PBXGroup;
			children = (
				B6AE35F11F7111B80077C308 /* ProviDeskTests.swift */,
				B6AE35F31F7111B80077C308 /* Info.plist */,
			);
			path = ProviDeskTests;
			sourceTree = "<group>";
		};
		B6AE35FB1F7111B80077C308 /* ProviDeskUITests */ = {
			isa = PBXGroup;
			children = (
				B6AE35FC1F7111B80077C308 /* ProviDeskUITests.swift */,
				B6AE35FE1F7111B80077C308 /* Info.plist */,
			);
			path = ProviDeskUITests;
			sourceTree = "<group>";
		};
		B6AE360E1F713BD20077C308 /* WebServices */ = {
			isa = PBXGroup;
			children = (
				B6AE360F1F713C370077C308 /* WebServiceClass.swift */,
			);
			name = WebServices;
			path = ..;
			sourceTree = "<group>";
		};
		B6AE36111F713C6E0077C308 /* Derived UI Classes */ = {
			isa = PBXGroup;
			children = (
				B6AE361E1F725F790077C308 /* UITableViewCells */,
				B6AE36121F713C8B0077C308 /* ActivityIndicator.swift */,
			);
			name = "Derived UI Classes";
			path = ..;
			sourceTree = "<group>";
		};
		B6AE36141F713CC10077C308 /* Common Methods */ = {
			isa = PBXGroup;
			children = (
				B6AE36151F713CD60077C308 /* GeneralMethodClass.swift */,
			);
			name = "Common Methods";
			path = ..;
			sourceTree = "<group>";
		};
		B6AE36171F72590F0077C308 /* LeftMenuController */ = {
			isa = PBXGroup;
			children = (
				B6AE36181F72593E0077C308 /* LeftMenuController.swift */,
			);
			name = LeftMenuController;
			path = ..;
			sourceTree = "<group>";
		};
		B6AE361A1F725EBE0077C308 /* ViewControllers */ = {
			isa = PBXGroup;
			children = (
				B6E28A8F1FCC2A9E005C7ACC /* Profile */,
				B6DC2D891FB2E6CD00B3D3D9 /* NotificationViewController */,
				B682F95E1F752F0300B0447C /* AuthenticationLogin */,
				B6AE361B1F725ECB0077C308 /* HelpDeskViewController */,
			);
			name = ViewControllers;
			path = ..;
			sourceTree = "<group>";
		};
		B6AE361B1F725ECB0077C308 /* HelpDeskViewController */ = {
			isa = PBXGroup;
			children = (
				B6AE361C1F725EEB0077C308 /* HelpDeskController_V2.swift */,
				B67E13F41F8B675B00A83BAB /* HelpDeskTableViewCell.swift */,
				B67E13F91F8B7AAB00A83BAB /* HelpDeskChatController.swift */,
				B67E13FB1F8B814300A83BAB /* HelpdeskChatTableViewCell.swift */,
				B67E13FD1F8B880000A83BAB /* ImageViewViewController.swift */,
				B603D4C91FBD9C87007A2C7A /* HelpDeskNewComplaintViewController.swift */,
				B66A83231FC5FF1000D09237 /* FeedbackController.swift */,
				B66A83251FC69B6F00D09237 /* HelpDeskHistoryViewController.swift */,
			);
			name = HelpDeskViewController;
			sourceTree = "<group>";
		};
		B6AE361E1F725F790077C308 /* UITableViewCells */ = {
			isa = PBXGroup;
			children = (
				B6AE361F1F725FB40077C308 /* CompanySelectionTableViewCell.swift */,
			);
			name = UITableViewCells;
			sourceTree = "<group>";
		};
		B6DC2D891FB2E6CD00B3D3D9 /* NotificationViewController */ = {
			isa = PBXGroup;
			children = (
				B6DC2D8A1FB2E8A200B3D3D9 /* NotificationController.swift */,
				B6F6B7F21FB46EDC007EAB92 /* ModelNotificationsData.swift */,
				B6F6B7F41FB46FB5007EAB92 /* NotificationTableViewCell.swift */,
				B6F6B7F61FB47051007EAB92 /* NotificationDetailController.swift */,
			);
			name = NotificationViewController;
			sourceTree = "<group>";
		};
		B6E28A8F1FCC2A9E005C7ACC /* Profile */ = {
			isa = PBXGroup;
			children = (
				B6E28A901FCC2AB5005C7ACC /* ProfileViewController.swift */,
				B6E28A921FCC33B3005C7ACC /* ProfileTableViewCell.swift */,
			);
			name = Profile;
			sourceTree = "<group>";
		};
		F38622B0919C9B427EBDF3F0 /* Frameworks */ = {
			isa = PBXGroup;
			children = (
				B603D4F21FBDA75E007A2C7A /* Alamofire.framework */,
				B603D4F31FBDA75E007A2C7A /* AWSAutoScaling.framework */,
				B603D4F41FBDA75E007A2C7A /* AWSCloudWatch.framework */,
				B603D4F51FBDA75E007A2C7A /* AWSCognito.framework */,
				B603D4F61FBDA75E007A2C7A /* AWSCognitoIdentityProvider.framework */,
				B603D4F71FBDA75E007A2C7A /* AWSCore.framework */,
				B603D4F81FBDA75E007A2C7A /* AWSDynamoDB.framework */,
				B603D4F91FBDA75E007A2C7A /* AWSEC2.framework */,
				B603D4FA1FBDA75E007A2C7A /* AWSElasticLoadBalancing.framework */,
				B603D4FB1FBDA75E007A2C7A /* AWSIoT.framework */,
				B603D4FC1FBDA75E007A2C7A /* AWSKinesis.framework */,
				B603D4FD1FBDA75E007A2C7A /* AWSLambda.framework */,
				B603D4FE1FBDA75E007A2C7A /* AWSLex.framework */,
				B603D4FF1FBDA75E007A2C7A /* AWSMachineLearning.framework */,
				B603D5001FBDA75E007A2C7A /* AWSMobileAnalytics.framework */,
				B603D5011FBDA75E007A2C7A /* AWSPinpoint.framework */,
				B603D5021FBDA75E007A2C7A /* AWSPolly.framework */,
				B603D5031FBDA75E007A2C7A /* AWSRekognition.framework */,
				B603D5041FBDA75E007A2C7A /* AWSS3.framework */,
				B603D5051FBDA75E007A2C7A /* AWSSES.framework */,
				B603D5061FBDA75E007A2C7A /* AWSSimpleDB.framework */,
				B603D5071FBDA75E007A2C7A /* AWSSNS.framework */,
				B603D5081FBDA75E007A2C7A /* AWSSQS.framework */,
				B603D5091FBDA75E007A2C7A /* BSGridCollectionViewLayout.framework */,
				B603D50A1FBDA75E007A2C7A /* BSImagePicker.framework */,
				B603D50B1FBDA75E007A2C7A /* Charts.framework */,
				B603D50C1FBDA75E007A2C7A /* Cloudinary.framework */,
				B603D50D1FBDA75E007A2C7A /* Cosmos.framework */,
				B603D50E1FBDA75E007A2C7A /* IQKeyboardManagerSwift.framework */,
				B603D50F1FBDA75E007A2C7A /* Localize_Swift.framework */,
				B603D5101FBDA75E007A2C7A /* PKHUD.framework */,
				B603D5111FBDA75E007A2C7A /* SDWebImage.framework */,
				B603D5121FBDA75E007A2C7A /* SlideMenuControllerSwift.framework */,
				B603D5131FBDA75E007A2C7A /* SwiftyJSON.framework */,
				B603D5141FBDA75E007A2C7A /* UIImageViewModeScaleAspect.framework */,
				B603D4C41FBAF63C007A2C7A /* UserNotifications.framework */,
				80CD9FC1FCB82D2958172BEB /* Pods_ProviDesk.framework */,
			);
			name = Frameworks;
			sourceTree = "<group>";
		};
/* End PBXGroup section */

/* Begin PBXNativeTarget section */
		B6AE35D51F7111B70077C308 /* ProviDesk */ = {
			isa = PBXNativeTarget;
			buildConfigurationList = B6AE36011F7111B80077C308 /* Build configuration list for PBXNativeTarget "ProviDesk" */;
			buildPhases = (
				72F7381BC28F86D51A2954AB /* [CP] Check Pods Manifest.lock */,
				B6AE35D21F7111B70077C308 /* Sources */,
				B6AE35D31F7111B70077C308 /* Frameworks */,
				B6AE35D41F7111B70077C308 /* Resources */,
				359FA791E65E7BC43E7AEBC8 /* [CP] Embed Pods Frameworks */,
				AE5C96FB19629EE0A4EFF498 /* [CP] Copy Pods Resources */,
			);
			buildRules = (
			);
			dependencies = (
			);
			name = ProviDesk;
			productName = ProviDesk;
			productReference = B6AE35D61F7111B70077C308 /* ProviDesk.app */;
			productType = "com.apple.product-type.application";
		};
		B6AE35EC1F7111B80077C308 /* ProviDeskTests */ = {
			isa = PBXNativeTarget;
			buildConfigurationList = B6AE36041F7111B80077C308 /* Build configuration list for PBXNativeTarget "ProviDeskTests" */;
			buildPhases = (
				B6AE35E91F7111B80077C308 /* Sources */,
				B6AE35EA1F7111B80077C308 /* Frameworks */,
				B6AE35EB1F7111B80077C308 /* Resources */,
			);
			buildRules = (
			);
			dependencies = (
				B6AE35EF1F7111B80077C308 /* PBXTargetDependency */,
			);
			name = ProviDeskTests;
			productName = ProviDeskTests;
			productReference = B6AE35ED1F7111B80077C308 /* ProviDeskTests.xctest */;
			productType = "com.apple.product-type.bundle.unit-test";
		};
		B6AE35F71F7111B80077C308 /* ProviDeskUITests */ = {
			isa = PBXNativeTarget;
			buildConfigurationList = B6AE36071F7111B80077C308 /* Build configuration list for PBXNativeTarget "ProviDeskUITests" */;
			buildPhases = (
				B6AE35F41F7111B80077C308 /* Sources */,
				B6AE35F51F7111B80077C308 /* Frameworks */,
				B6AE35F61F7111B80077C308 /* Resources */,
			);
			buildRules = (
			);
			dependencies = (
				B6AE35FA1F7111B80077C308 /* PBXTargetDependency */,
			);
			name = ProviDeskUITests;
			productName = ProviDeskUITests;
			productReference = B6AE35F81F7111B80077C308 /* ProviDeskUITests.xctest */;
			productType = "com.apple.product-type.bundle.ui-testing";
		};
/* End PBXNativeTarget section */

/* Begin PBXProject section */
		B6AE35CE1F7111B70077C308 /* Project object */ = {
			isa = PBXProject;
			attributes = {
				LastSwiftUpdateCheck = 0830;
				LastUpgradeCheck = 0830;
				ORGANIZATIONNAME = "Omkar Awate";
				TargetAttributes = {
					B6AE35D51F7111B70077C308 = {
						CreatedOnToolsVersion = 8.3.2;
						DevelopmentTeam = 294QVC6JLJ;
						ProvisioningStyle = Automatic;
						SystemCapabilities = {
							com.apple.Push = {
								enabled = 1;
							};
						};
					};
					B6AE35EC1F7111B80077C308 = {
						CreatedOnToolsVersion = 8.3.2;
						DevelopmentTeam = 294QVC6JLJ;
						ProvisioningStyle = Automatic;
						TestTargetID = B6AE35D51F7111B70077C308;
					};
					B6AE35F71F7111B80077C308 = {
						CreatedOnToolsVersion = 8.3.2;
						DevelopmentTeam = 294QVC6JLJ;
						ProvisioningStyle = Automatic;
						TestTargetID = B6AE35D51F7111B70077C308;
					};
				};
			};
			buildConfigurationList = B6AE35D11F7111B70077C308 /* Build configuration list for PBXProject "ProviDesk" */;
			compatibilityVersion = "Xcode 3.2";
			developmentRegion = English;
			hasScannedForEncodings = 0;
			knownRegions = (
				en,
				Base,
			);
			mainGroup = B6AE35CD1F7111B70077C308;
			productRefGroup = B6AE35D71F7111B70077C308 /* Products */;
			projectDirPath = "";
			projectRoot = "";
			targets = (
				B6AE35D51F7111B70077C308 /* ProviDesk */,
				B6AE35EC1F7111B80077C308 /* ProviDeskTests */,
				B6AE35F71F7111B80077C308 /* ProviDeskUITests */,
			);
		};
/* End PBXProject section */

/* Begin PBXResourcesBuildPhase section */
		B6AE35D41F7111B70077C308 /* Resources */ = {
			isa = PBXResourcesBuildPhase;
			buildActionMask = 2147483647;
			files = (
				B66A83301FC73DA000D09237 /* botsworth.ttf in Resources */,
				B6AE35E71F7111B70077C308 /* LaunchScreen.storyboard in Resources */,
				B6AE35E41F7111B70077C308 /* Assets.xcassets in Resources */,
				B6AE360D1F7133760077C308 /* Podfile in Resources */,
				B6AE35DF1F7111B70077C308 /* Main.storyboard in Resources */,
			);
			runOnlyForDeploymentPostprocessing = 0;
		};
		B6AE35EB1F7111B80077C308 /* Resources */ = {
			isa = PBXResourcesBuildPhase;
			buildActionMask = 2147483647;
			files = (
			);
			runOnlyForDeploymentPostprocessing = 0;
		};
		B6AE35F61F7111B80077C308 /* Resources */ = {
			isa = PBXResourcesBuildPhase;
			buildActionMask = 2147483647;
			files = (
			);
			runOnlyForDeploymentPostprocessing = 0;
		};
/* End PBXResourcesBuildPhase section */

/* Begin PBXShellScriptBuildPhase section */
		359FA791E65E7BC43E7AEBC8 /* [CP] Embed Pods Frameworks */ = {
			isa = PBXShellScriptBuildPhase;
			buildActionMask = 2147483647;
			files = (
			);
			inputPaths = (
			);
			name = "[CP] Embed Pods Frameworks";
			outputPaths = (
			);
			runOnlyForDeploymentPostprocessing = 0;
			shellPath = /bin/sh;
			shellScript = "\"${SRCROOT}/Pods/Target Support Files/Pods-ProviDesk/Pods-ProviDesk-frameworks.sh\"\n";
			showEnvVarsInLog = 0;
		};
		72F7381BC28F86D51A2954AB /* [CP] Check Pods Manifest.lock */ = {
			isa = PBXShellScriptBuildPhase;
			buildActionMask = 2147483647;
			files = (
			);
			inputPaths = (
			);
			name = "[CP] Check Pods Manifest.lock";
			outputPaths = (
			);
			runOnlyForDeploymentPostprocessing = 0;
			shellPath = /bin/sh;
			shellScript = "diff \"${PODS_PODFILE_DIR_PATH}/Podfile.lock\" \"${PODS_ROOT}/Manifest.lock\" > /dev/null\nif [ $? != 0 ] ; then\n    # print error to STDERR\n    echo \"error: The sandbox is not in sync with the Podfile.lock. Run 'pod install' or update your CocoaPods installation.\" >&2\n    exit 1\nfi\n";
			showEnvVarsInLog = 0;
		};
		AE5C96FB19629EE0A4EFF498 /* [CP] Copy Pods Resources */ = {
			isa = PBXShellScriptBuildPhase;
			buildActionMask = 2147483647;
			files = (
			);
			inputPaths = (
			);
			name = "[CP] Copy Pods Resources";
			outputPaths = (
			);
			runOnlyForDeploymentPostprocessing = 0;
			shellPath = /bin/sh;
			shellScript = "\"${SRCROOT}/Pods/Target Support Files/Pods-ProviDesk/Pods-ProviDesk-resources.sh\"\n";
			showEnvVarsInLog = 0;
		};
/* End PBXShellScriptBuildPhase section */

/* Begin PBXSourcesBuildPhase section */
		B6AE35D21F7111B70077C308 /* Sources */ = {
			isa = PBXSourcesBuildPhase;
			buildActionMask = 2147483647;
			files = (
				B67E13FE1F8B880000A83BAB /* ImageViewViewController.swift in Sources */,
				B67E14011F8B8A6700A83BAB /* AWSConstant.swift in Sources */,
				B66A83241FC5FF1000D09237 /* FeedbackController.swift in Sources */,
				B66A83261FC69B6F00D09237 /* HelpDeskHistoryViewController.swift in Sources */,
				B682F95D1F752EF200B0447C /* OTPViewController.swift in Sources */,
				B66A83281FC6D6F200D09237 /* Banner.swift in Sources */,
				B6AE35DC1F7111B70077C308 /* LoginViewController.swift in Sources */,
				B6F6B7F31FB46EDC007EAB92 /* ModelNotificationsData.swift in Sources */,
				B6AE36201F725FB40077C308 /* CompanySelectionTableViewCell.swift in Sources */,
				B6E28A931FCC33B3005C7ACC /* ProfileTableViewCell.swift in Sources */,
				B6F6B7F51FB46FB5007EAB92 /* NotificationTableViewCell.swift in Sources */,
				B67E13FA1F8B7AAB00A83BAB /* HelpDeskChatController.swift in Sources */,
				B6AE36131F713C8B0077C308 /* ActivityIndicator.swift in Sources */,
				B603D4CA1FBD9C87007A2C7A /* HelpDeskNewComplaintViewController.swift in Sources */,
				B67E13FC1F8B814300A83BAB /* HelpdeskChatTableViewCell.swift in Sources */,
				B6AE361D1F725EEB0077C308 /* HelpDeskController_V2.swift in Sources */,
				B67E13F81F8B685700A83BAB /* ModelComplaintsData.swift in Sources */,
				B6AE36161F713CD60077C308 /* GeneralMethodClass.swift in Sources */,
				B6AE36191F72593E0077C308 /* LeftMenuController.swift in Sources */,
				B6DC2D8B1FB2E8A200B3D3D9 /* NotificationController.swift in Sources */,
				B6AE36101F713C370077C308 /* WebServiceClass.swift in Sources */,
				B6AE35E21F7111B70077C308 /* ProviDesk.xcdatamodeld in Sources */,
				B67E13F51F8B675B00A83BAB /* HelpDeskTableViewCell.swift in Sources */,
				B6E28A911FCC2AB5005C7ACC /* ProfileViewController.swift in Sources */,
				B6AE35DA1F7111B70077C308 /* AppDelegate.swift in Sources */,
				B6F6B7F71FB47051007EAB92 /* NotificationDetailController.swift in Sources */,
			);
			runOnlyForDeploymentPostprocessing = 0;
		};
		B6AE35E91F7111B80077C308 /* Sources */ = {
			isa = PBXSourcesBuildPhase;
			buildActionMask = 2147483647;
			files = (
				B6AE35F21F7111B80077C308 /* ProviDeskTests.swift in Sources */,
			);
			runOnlyForDeploymentPostprocessing = 0;
		};
		B6AE35F41F7111B80077C308 /* Sources */ = {
			isa = PBXSourcesBuildPhase;
			buildActionMask = 2147483647;
			files = (
				B6AE35FD1F7111B80077C308 /* ProviDeskUITests.swift in Sources */,
			);
			runOnlyForDeploymentPostprocessing = 0;
		};
/* End PBXSourcesBuildPhase section */

/* Begin PBXTargetDependency section */
		B6AE35EF1F7111B80077C308 /* PBXTargetDependency */ = {
			isa = PBXTargetDependency;
			target = B6AE35D51F7111B70077C308 /* ProviDesk */;
			targetProxy = B6AE35EE1F7111B80077C308 /* PBXContainerItemProxy */;
		};
		B6AE35FA1F7111B80077C308 /* PBXTargetDependency */ = {
			isa = PBXTargetDependency;
			target = B6AE35D51F7111B70077C308 /* ProviDesk */;
			targetProxy = B6AE35F91F7111B80077C308 /* PBXContainerItemProxy */;
		};
/* End PBXTargetDependency section */

/* Begin PBXVariantGroup section */
		B6AE35DD1F7111B70077C308 /* Main.storyboard */ = {
			isa = PBXVariantGroup;
			children = (
				B6AE35DE1F7111B70077C308 /* Base */,
			);
			name = Main.storyboard;
			sourceTree = "<group>";
		};
		B6AE35E51F7111B70077C308 /* LaunchScreen.storyboard */ = {
			isa = PBXVariantGroup;
			children = (
				B6AE35E61F7111B70077C308 /* Base */,
			);
			name = LaunchScreen.storyboard;
			sourceTree = "<group>";
		};
/* End PBXVariantGroup section */

/* Begin XCBuildConfiguration section */
		B6AE35FF1F7111B80077C308 /* Debug */ = {
			isa = XCBuildConfiguration;
			buildSettings = {
				ALWAYS_SEARCH_USER_PATHS = NO;
				CLANG_ANALYZER_NONNULL = YES;
				CLANG_ANALYZER_NUMBER_OBJECT_CONVERSION = YES_AGGRESSIVE;
				CLANG_CXX_LANGUAGE_STANDARD = "gnu++0x";
				CLANG_CXX_LIBRARY = "libc++";
				CLANG_ENABLE_MODULES = YES;
				CLANG_ENABLE_OBJC_ARC = YES;
				CLANG_WARN_BOOL_CONVERSION = YES;
				CLANG_WARN_CONSTANT_CONVERSION = YES;
				CLANG_WARN_DIRECT_OBJC_ISA_USAGE = YES_ERROR;
				CLANG_WARN_DOCUMENTATION_COMMENTS = YES;
				CLANG_WARN_EMPTY_BODY = YES;
				CLANG_WARN_ENUM_CONVERSION = YES;
				CLANG_WARN_INFINITE_RECURSION = YES;
				CLANG_WARN_INT_CONVERSION = YES;
				CLANG_WARN_OBJC_ROOT_CLASS = YES_ERROR;
				CLANG_WARN_SUSPICIOUS_MOVE = YES;
				CLANG_WARN_UNREACHABLE_CODE = YES;
				CLANG_WARN__DUPLICATE_METHOD_MATCH = YES;
				"CODE_SIGN_IDENTITY[sdk=iphoneos*]" = "iPhone Developer";
				COPY_PHASE_STRIP = NO;
				DEBUG_INFORMATION_FORMAT = dwarf;
				ENABLE_STRICT_OBJC_MSGSEND = YES;
				ENABLE_TESTABILITY = YES;
				GCC_C_LANGUAGE_STANDARD = gnu99;
				GCC_DYNAMIC_NO_PIC = NO;
				GCC_NO_COMMON_BLOCKS = YES;
				GCC_OPTIMIZATION_LEVEL = 0;
				GCC_PREPROCESSOR_DEFINITIONS = (
					"DEBUG=1",
					"$(inherited)",
				);
				GCC_WARN_64_TO_32_BIT_CONVERSION = YES;
				GCC_WARN_ABOUT_RETURN_TYPE = YES_ERROR;
				GCC_WARN_UNDECLARED_SELECTOR = YES;
				GCC_WARN_UNINITIALIZED_AUTOS = YES_AGGRESSIVE;
				GCC_WARN_UNUSED_FUNCTION = YES;
				GCC_WARN_UNUSED_VARIABLE = YES;
				IPHONEOS_DEPLOYMENT_TARGET = 10.3;
				MTL_ENABLE_DEBUG_INFO = YES;
				ONLY_ACTIVE_ARCH = YES;
				SDKROOT = iphoneos;
				SWIFT_ACTIVE_COMPILATION_CONDITIONS = DEBUG;
				SWIFT_OPTIMIZATION_LEVEL = "-Onone";
			};
			name = Debug;
		};
		B6AE36001F7111B80077C308 /* Release */ = {
			isa = XCBuildConfiguration;
			buildSettings = {
				ALWAYS_SEARCH_USER_PATHS = NO;
				CLANG_ANALYZER_NONNULL = YES;
				CLANG_ANALYZER_NUMBER_OBJECT_CONVERSION = YES_AGGRESSIVE;
				CLANG_CXX_LANGUAGE_STANDARD = "gnu++0x";
				CLANG_CXX_LIBRARY = "libc++";
				CLANG_ENABLE_MODULES = YES;
				CLANG_ENABLE_OBJC_ARC = YES;
				CLANG_WARN_BOOL_CONVERSION = YES;
				CLANG_WARN_CONSTANT_CONVERSION = YES;
				CLANG_WARN_DIRECT_OBJC_ISA_USAGE = YES_ERROR;
				CLANG_WARN_DOCUMENTATION_COMMENTS = YES;
				CLANG_WARN_EMPTY_BODY = YES;
				CLANG_WARN_ENUM_CONVERSION = YES;
				CLANG_WARN_INFINITE_RECURSION = YES;
				CLANG_WARN_INT_CONVERSION = YES;
				CLANG_WARN_OBJC_ROOT_CLASS = YES_ERROR;
				CLANG_WARN_SUSPICIOUS_MOVE = YES;
				CLANG_WARN_UNREACHABLE_CODE = YES;
				CLANG_WARN__DUPLICATE_METHOD_MATCH = YES;
				"CODE_SIGN_IDENTITY[sdk=iphoneos*]" = "iPhone Developer";
				COPY_PHASE_STRIP = NO;
				DEBUG_INFORMATION_FORMAT = "dwarf-with-dsym";
				ENABLE_NS_ASSERTIONS = NO;
				ENABLE_STRICT_OBJC_MSGSEND = YES;
				GCC_C_LANGUAGE_STANDARD = gnu99;
				GCC_NO_COMMON_BLOCKS = YES;
				GCC_WARN_64_TO_32_BIT_CONVERSION = YES;
				GCC_WARN_ABOUT_RETURN_TYPE = YES_ERROR;
				GCC_WARN_UNDECLARED_SELECTOR = YES;
				GCC_WARN_UNINITIALIZED_AUTOS = YES_AGGRESSIVE;
				GCC_WARN_UNUSED_FUNCTION = YES;
				GCC_WARN_UNUSED_VARIABLE = YES;
				IPHONEOS_DEPLOYMENT_TARGET = 10.3;
				MTL_ENABLE_DEBUG_INFO = NO;
				SDKROOT = iphoneos;
				SWIFT_OPTIMIZATION_LEVEL = "-Owholemodule";
				VALIDATE_PRODUCT = YES;
			};
			name = Release;
		};
		B6AE36021F7111B80077C308 /* Debug */ = {
			isa = XCBuildConfiguration;
			baseConfigurationReference = 945F49A5856ECFB788C8A547 /* Pods-ProviDesk.debug.xcconfig */;
			buildSettings = {
				ASSETCATALOG_COMPILER_APPICON_NAME = "AppIcon-1";
				CODE_SIGN_ENTITLEMENTS = ProviDesk/ProviDesk.entitlements;
				"CODE_SIGN_IDENTITY[sdk=iphoneos*]" = "iPhone Developer";
				CODE_SIGN_STYLE = Automatic;
				DEVELOPMENT_TEAM = 294QVC6JLJ;
				INFOPLIST_FILE = ProviDesk/Info.plist;
				LD_RUNPATH_SEARCH_PATHS = "$(inherited) @executable_path/Frameworks";
				PRODUCT_BUNDLE_IDENTIFIER = com.simplysmart.ProviDesk;
				PRODUCT_NAME = "$(TARGET_NAME)";
				PROVISIONING_PROFILE = "";
				PROVISIONING_PROFILE_SPECIFIER = "";
				SWIFT_VERSION = 3.0;
			};
			name = Debug;
		};
		B6AE36031F7111B80077C308 /* Release */ = {
			isa = XCBuildConfiguration;
			baseConfigurationReference = C3C7E96EE9224B34BCE3E152 /* Pods-ProviDesk.release.xcconfig */;
			buildSettings = {
				ASSETCATALOG_COMPILER_APPICON_NAME = "AppIcon-1";
				CODE_SIGN_ENTITLEMENTS = ProviDesk/ProviDesk.entitlements;
				"CODE_SIGN_IDENTITY[sdk=iphoneos*]" = "iPhone Developer";
				CODE_SIGN_STYLE = Automatic;
				DEVELOPMENT_TEAM = 294QVC6JLJ;
				INFOPLIST_FILE = ProviDesk/Info.plist;
				LD_RUNPATH_SEARCH_PATHS = "$(inherited) @executable_path/Frameworks";
				PRODUCT_BUNDLE_IDENTIFIER = com.simplysmart.ProviDesk;
				PRODUCT_NAME = "$(TARGET_NAME)";
				PROVISIONING_PROFILE = "";
				PROVISIONING_PROFILE_SPECIFIER = "";
				SWIFT_VERSION = 3.0;
			};
			name = Release;
		};
		B6AE36051F7111B80077C308 /* Debug */ = {
			isa = XCBuildConfiguration;
			buildSettings = {
				ALWAYS_EMBED_SWIFT_STANDARD_LIBRARIES = YES;
				BUNDLE_LOADER = "$(TEST_HOST)";
				DEVELOPMENT_TEAM = 294QVC6JLJ;
				INFOPLIST_FILE = ProviDeskTests/Info.plist;
				LD_RUNPATH_SEARCH_PATHS = "$(inherited) @executable_path/Frameworks @loader_path/Frameworks";
				PRODUCT_BUNDLE_IDENTIFIER = com.simplysmart.ProviDeskTests;
				PRODUCT_NAME = "$(TARGET_NAME)";
				SWIFT_VERSION = 3.0;
				TEST_HOST = "$(BUILT_PRODUCTS_DIR)/ProviDesk.app/ProviDesk";
			};
			name = Debug;
		};
		B6AE36061F7111B80077C308 /* Release */ = {
			isa = XCBuildConfiguration;
			buildSettings = {
				ALWAYS_EMBED_SWIFT_STANDARD_LIBRARIES = YES;
				BUNDLE_LOADER = "$(TEST_HOST)";
				DEVELOPMENT_TEAM = 294QVC6JLJ;
				INFOPLIST_FILE = ProviDeskTests/Info.plist;
				LD_RUNPATH_SEARCH_PATHS = "$(inherited) @executable_path/Frameworks @loader_path/Frameworks";
				PRODUCT_BUNDLE_IDENTIFIER = com.simplysmart.ProviDeskTests;
				PRODUCT_NAME = "$(TARGET_NAME)";
				SWIFT_VERSION = 3.0;
				TEST_HOST = "$(BUILT_PRODUCTS_DIR)/ProviDesk.app/ProviDesk";
			};
			name = Release;
		};
		B6AE36081F7111B80077C308 /* Debug */ = {
			isa = XCBuildConfiguration;
			buildSettings = {
				ALWAYS_EMBED_SWIFT_STANDARD_LIBRARIES = YES;
				DEVELOPMENT_TEAM = 294QVC6JLJ;
				INFOPLIST_FILE = ProviDeskUITests/Info.plist;
				LD_RUNPATH_SEARCH_PATHS = "$(inherited) @executable_path/Frameworks @loader_path/Frameworks";
				PRODUCT_BUNDLE_IDENTIFIER = com.simplysmart.ProviDeskUITests;
				PRODUCT_NAME = "$(TARGET_NAME)";
				SWIFT_VERSION = 3.0;
				TEST_TARGET_NAME = ProviDesk;
			};
			name = Debug;
		};
		B6AE36091F7111B80077C308 /* Release */ = {
			isa = XCBuildConfiguration;
			buildSettings = {
				ALWAYS_EMBED_SWIFT_STANDARD_LIBRARIES = YES;
				DEVELOPMENT_TEAM = 294QVC6JLJ;
				INFOPLIST_FILE = ProviDeskUITests/Info.plist;
				LD_RUNPATH_SEARCH_PATHS = "$(inherited) @executable_path/Frameworks @loader_path/Frameworks";
				PRODUCT_BUNDLE_IDENTIFIER = com.simplysmart.ProviDeskUITests;
				PRODUCT_NAME = "$(TARGET_NAME)";
				SWIFT_VERSION = 3.0;
				TEST_TARGET_NAME = ProviDesk;
			};
			name = Release;
		};
/* End XCBuildConfiguration section */

/* Begin XCConfigurationList section */
		B6AE35D11F7111B70077C308 /* Build configuration list for PBXProject "ProviDesk" */ = {
			isa = XCConfigurationList;
			buildConfigurations = (
				B6AE35FF1F7111B80077C308 /* Debug */,
				B6AE36001F7111B80077C308 /* Release */,
			);
			defaultConfigurationIsVisible = 0;
			defaultConfigurationName = Release;
		};
		B6AE36011F7111B80077C308 /* Build configuration list for PBXNativeTarget "ProviDesk" */ = {
			isa = XCConfigurationList;
			buildConfigurations = (
				B6AE36021F7111B80077C308 /* Debug */,
				B6AE36031F7111B80077C308 /* Release */,
			);
			defaultConfigurationIsVisible = 0;
			defaultConfigurationName = Release;
		};
		B6AE36041F7111B80077C308 /* Build configuration list for PBXNativeTarget "ProviDeskTests" */ = {
			isa = XCConfigurationList;
			buildConfigurations = (
				B6AE36051F7111B80077C308 /* Debug */,
				B6AE36061F7111B80077C308 /* Release */,
			);
			defaultConfigurationIsVisible = 0;
			defaultConfigurationName = Release;
		};
		B6AE36071F7111B80077C308 /* Build configuration list for PBXNativeTarget "ProviDeskUITests" */ = {
			isa = XCConfigurationList;
			buildConfigurations = (
				B6AE36081F7111B80077C308 /* Debug */,
				B6AE36091F7111B80077C308 /* Release */,
			);
			defaultConfigurationIsVisible = 0;
			defaultConfigurationName = Release;
		};
/* End XCConfigurationList section */

/* Begin XCVersionGroup section */
		B6AE35E01F7111B70077C308 /* ProviDesk.xcdatamodeld */ = {
			isa = XCVersionGroup;
			children = (
				B6AE35E11F7111B70077C308 /* ProviDesk.xcdatamodel */,
			);
			currentVersion = B6AE35E11F7111B70077C308 /* ProviDesk.xcdatamodel */;
			path = ProviDesk.xcdatamodeld;
			sourceTree = "<group>";
			versionGroupType = wrapper.xcdatamodel;
		};
/* End XCVersionGroup section */
	};
	rootObject = B6AE35CE1F7111B70077C308 /* Project object */;
}
